
Microsoft Visual Studio Solution File, Format Version 12.00
# Visual Studio Version 16
VisualStudioVersion = 16.0.34931.43
MinimumVisualStudioVersion = 10.0.40219.1
Project("{FAE04EC0-301F-11D3-BF4B-00C04F79EFBC}") = "First_Project", "First_Project\First_Project.csproj", "{B5B249C8-FA24-45A7-8A00-4CEA0AB00CD0}"
EndProject
Global
	GlobalSection(SolutionConfigurationPlatforms) = preSolution
		Debug|Any CPU = Debug|Any CPU
		Release|Any CPU = Release|Any CPU
	EndGlobalSection
	GlobalSection(ProjectConfigurationPlatforms) = postSolution
		{B5B249C8-FA24-45A7-8A00-4CEA0AB00CD0}.Debug|Any CPU.ActiveCfg = Debug|Any CPU
		{B5B249C8-FA24-45A7-8A00-4CEA0AB00CD0}.Debug|Any CPU.Build.0 = Debug|Any CPU
		{B5B249C8-FA24-45A7-8A00-4CEA0AB00CD0}.Release|Any CPU.ActiveCfg = Release|Any CPU
		{B5B249C8-FA24-45A7-8A00-4CEA0AB00CD0}.Release|Any CPU.Build.0 = Release|Any CPU
	EndGlobalSection
	GlobalSection(SolutionProperties) = preSolution
		HideSolutionNode = FALSE
	EndGlobalSection
	GlobalSection(ExtensibilityGlobals) = postSolution
		SolutionGuid = {A7CD3581-7AA5-4480-AF20-F37D72F53BE6}
	EndGlobalSection
EndGlobal
